
Microsoft Visual Studio Solution File, Format Version 12.00
# Visual Studio 15
VisualStudioVersion = 15.0.27428.2027
MinimumVisualStudioVersion = 10.0.40219.1
Project("{F184B08F-C81C-45F6-A57F-5ABD9991F28F}") = "期末專題", "期末專題\期末專題.vbproj", "{FB8AE5AB-80B4-466F-95C7-6C4CBBB93485}"
EndProject
Global
	GlobalSection(SolutionConfigurationPlatforms) = preSolution
		Debug|Any CPU = Debug|Any CPU
		Release|Any CPU = Release|Any CPU
	EndGlobalSection
	GlobalSection(ProjectConfigurationPlatforms) = postSolution
		{FB8AE5AB-80B4-466F-95C7-6C4CBBB93485}.Debug|Any CPU.ActiveCfg = Debug|Any CPU
		{FB8AE5AB-80B4-466F-95C7-6C4CBBB93485}.Debug|Any CPU.Build.0 = Debug|Any CPU
		{FB8AE5AB-80B4-466F-95C7-6C4CBBB93485}.Release|Any CPU.ActiveCfg = Release|Any CPU
		{FB8AE5AB-80B4-466F-95C7-6C4CBBB93485}.Release|Any CPU.Build.0 = Release|Any CPU
	EndGlobalSection
	GlobalSection(SolutionProperties) = preSolution
		HideSolutionNode = FALSE
	EndGlobalSection
	GlobalSection(ExtensibilityGlobals) = postSolution
		SolutionGuid = {1A9395DC-ED4A-4408-8994-DE54BD4EB05D}
	EndGlobalSection
EndGlobal
